# This file is autogenerated, do not edit; changes may be undone by the next 'dep ensure'.


[[projects]]
  name = "github.com/vmihailenco/msgpack"
  packages = [
    ".",
    "codes"
  ]
  revision = "b83fb55e0632418103602b3b23851cabc5d11762"
  version = "v3.2.8"

[solve-meta]
  analyzer-name = "dep"
  analyzer-version = 1
  inputs-digest = "a5cff5b022977fa2a8bbf085bcf5eac8abc5074a009d3e6d04a299bfb1992544"
  solver-name = "gps-cdcl"
  solver-version = 1
